
Microsoft Visual Studio Solution File, Format Version 12.00
# Visual Studio 15
VisualStudioVersion = 15.0.27130.2036
MinimumVisualStudioVersion = 10.0.40219.1
Project("{FAE04EC0-301F-11D3-BF4B-00C04F79EFBC}") = "NetCSystem", "NetCSystem\NetCSystem.csproj", "{8DFF431D-68F6-4CAD-A6D9-45BB47A09002}"
EndProject
Project("{FAE04EC0-301F-11D3-BF4B-00C04F79EFBC}") = "DataHelper", "DataHelper\DataHelper.csproj", "{533DD2D9-2197-4DED-B6E1-831C1432D6A6}"
EndProject
Global
	GlobalSection(SolutionConfigurationPlatforms) = preSolution
		Debug|Any CPU = Debug|Any CPU
		Release|Any CPU = Release|Any CPU
	EndGlobalSection
	GlobalSection(ProjectConfigurationPlatforms) = postSolution
		{8DFF431D-68F6-4CAD-A6D9-45BB47A09002}.Debug|Any CPU.ActiveCfg = Debug|Any CPU
		{8DFF431D-68F6-4CAD-A6D9-45BB47A09002}.Debug|Any CPU.Build.0 = Debug|Any CPU
		{8DFF431D-68F6-4CAD-A6D9-45BB47A09002}.Release|Any CPU.ActiveCfg = Release|Any CPU
		{8DFF431D-68F6-4CAD-A6D9-45BB47A09002}.Release|Any CPU.Build.0 = Release|Any CPU
		{533DD2D9-2197-4DED-B6E1-831C1432D6A6}.Debug|Any CPU.ActiveCfg = Debug|Any CPU
		{533DD2D9-2197-4DED-B6E1-831C1432D6A6}.Debug|Any CPU.Build.0 = Debug|Any CPU
		{533DD2D9-2197-4DED-B6E1-831C1432D6A6}.Release|Any CPU.ActiveCfg = Release|Any CPU
		{533DD2D9-2197-4DED-B6E1-831C1432D6A6}.Release|Any CPU.Build.0 = Release|Any CPU
	EndGlobalSection
	GlobalSection(SolutionProperties) = preSolution
		HideSolutionNode = FALSE
	EndGlobalSection
	GlobalSection(ExtensibilityGlobals) = postSolution
		SolutionGuid = {989F8D12-4B8D-489C-84F4-1380404D6870}
	EndGlobalSection
EndGlobal
